// !$*UTF8*$!
{
	archiveVersion = 1;
	classes = {
	};
	objectVersion = 56;
	objects = {

/* Begin PBXBuildFile section */
		A10000000000000000000001 /* AgentShellApp.swift in Sources */ = {isa = PBXBuildFile; fileRef = A20000000000000000000001 /* AgentShellApp.swift */; };
		A10000000000000000000002 /* ShellConfig.swift in Sources */ = {isa = PBXBuildFile; fileRef = A20000000000000000000002 /* ShellConfig.swift */; };
		A10000000000000000000003 /* ShellModels.swift in Sources */ = {isa = PBXBuildFile; fileRef = A20000000000000000000003 /* ShellModels.swift */; };
		A10000000000000000000004 /* ShellAPIClient.swift in Sources */ = {isa = PBXBuildFile; fileRef = A20000000000000000000004 /* ShellAPIClient.swift */; };
		A10000000000000000000005 /* ShellEventStream.swift in Sources */ = {isa = PBXBuildFile; fileRef = A20000000000000000000005 /* ShellEventStream.swift */; };
		A10000000000000000000006 /* SpeechRecognitionService.swift in Sources */ = {isa = PBXBuildFile; fileRef = A20000000000000000000006 /* SpeechRecognitionService.swift */; };
		A10000000000000000000007 /* TextToSpeechService.swift in Sources */ = {isa = PBXBuildFile; fileRef = A20000000000000000000007 /* TextToSpeechService.swift */; };
		A10000000000000000000008 /* ShellViewModel.swift in Sources */ = {isa = PBXBuildFile; fileRef = A20000000000000000000008 /* ShellViewModel.swift */; };
		A10000000000000000000009 /* ContentView.swift in Sources */ = {isa = PBXBuildFile; fileRef = A20000000000000000000009 /* ContentView.swift */; };
		A1000000000000000000000A /* PhaseIndicatorView.swift in Sources */ = {isa = PBXBuildFile; fileRef = A2000000000000000000000A /* PhaseIndicatorView.swift */; };
		A1000000000000000000000B /* MicButtonView.swift in Sources */ = {isa = PBXBuildFile; fileRef = A2000000000000000000000B /* MicButtonView.swift */; };
		A1000000000000000000000C /* ReplyView.swift in Sources */ = {isa = PBXBuildFile; fileRef = A2000000000000000000000C /* ReplyView.swift */; };
		A1000000000000000000000D /* SettingsView.swift in Sources */ = {isa = PBXBuildFile; fileRef = A2000000000000000000000D /* SettingsView.swift */; };
		A1000000000000000000000E /* Assets.xcassets in Resources */ = {isa = PBXBuildFile; fileRef = A2000000000000000000000E /* Assets.xcassets */; };
/* End PBXBuildFile section */

/* Begin PBXFileReference section */
		A20000000000000000000001 /* AgentShellApp.swift */ = {isa = PBXFileReference; lastKnownFileType = sourcecode.swift; path = AgentShellApp.swift; sourceTree = "<group>"; };
		A20000000000000000000002 /* ShellConfig.swift */ = {isa = PBXFileReference; lastKnownFileType = sourcecode.swift; path = ShellConfig.swift; sourceTree = "<group>"; };
		A20000000000000000000003 /* ShellModels.swift */ = {isa = PBXFileReference; lastKnownFileType = sourcecode.swift; path = ShellModels.swift; sourceTree = "<group>"; };
		A20000000000000000000004 /* ShellAPIClient.swift */ = {isa = PBXFileReference; lastKnownFileType = sourcecode.swift; path = ShellAPIClient.swift; sourceTree = "<group>"; };
		A20000000000000000000005 /* ShellEventStream.swift */ = {isa = PBXFileReference; lastKnownFileType = sourcecode.swift; path = ShellEventStream.swift; sourceTree = "<group>"; };
		A20000000000000000000006 /* SpeechRecognitionService.swift */ = {isa = PBXFileReference; lastKnownFileType = sourcecode.swift; path = SpeechRecognitionService.swift; sourceTree = "<group>"; };
		A20000000000000000000007 /* TextToSpeechService.swift */ = {isa = PBXFileReference; lastKnownFileType = sourcecode.swift; path = TextToSpeechService.swift; sourceTree = "<group>"; };
		A20000000000000000000008 /* ShellViewModel.swift */ = {isa = PBXFileReference; lastKnownFileType = sourcecode.swift; path = ShellViewModel.swift; sourceTree = "<group>"; };
		A20000000000000000000009 /* ContentView.swift */ = {isa = PBXFileReference; lastKnownFileType = sourcecode.swift; path = ContentView.swift; sourceTree = "<group>"; };
		A2000000000000000000000A /* PhaseIndicatorView.swift */ = {isa = PBXFileReference; lastKnownFileType = sourcecode.swift; path = PhaseIndicatorView.swift; sourceTree = "<group>"; };
		A2000000000000000000000B /* MicButtonView.swift */ = {isa = PBXFileReference; lastKnownFileType = sourcecode.swift; path = MicButtonView.swift; sourceTree = "<group>"; };
		A2000000000000000000000C /* ReplyView.swift */ = {isa = PBXFileReference; lastKnownFileType = sourcecode.swift; path = ReplyView.swift; sourceTree = "<group>"; };
		A2000000000000000000000D /* SettingsView.swift */ = {isa = PBXFileReference; lastKnownFileType = sourcecode.swift; path = SettingsView.swift; sourceTree = "<group>"; };
		A2000000000000000000000E /* Assets.xcassets */ = {isa = PBXFileReference; lastKnownFileType = folder.assetcatalog; path = Assets.xcassets; sourceTree = "<group>"; };
		A2000000000000000000000F /* Info.plist */ = {isa = PBXFileReference; lastKnownFileType = text.plist.xml; path = Info.plist; sourceTree = "<group>"; };
		A30000000000000000000001 /* AgentShell.app */ = {isa = PBXFileReference; explicitFileType = wrapper.application; includeInIndex = 0; path = AgentShell.app; sourceTree = BUILT_PRODUCTS_DIR; };
/* End PBXFileReference section */

/* Begin PBXFrameworksBuildPhase section */
		A40000000000000000000001 /* Frameworks */ = {
			isa = PBXFrameworksBuildPhase;
			buildActionMask = 2147483647;
			files = (
			);
			runOnlyForDeploymentPostprocessing = 0;
		};
/* End PBXFrameworksBuildPhase section */

/* Begin PBXGroup section */
		A50000000000000000000001 = {
			isa = PBXGroup;
			children = (
				A50000000000000000000002 /* AgentShell */,
				A50000000000000000000003 /* Products */,
			);
			sourceTree = "<group>";
		};
		A50000000000000000000002 /* AgentShell */ = {
			isa = PBXGroup;
			children = (
				A50000000000000000000004 /* App */,
				A50000000000000000000005 /* Config */,
				A50000000000000000000006 /* Models */,
				A50000000000000000000007 /* Services */,
				A50000000000000000000008 /* ViewModels */,
				A50000000000000000000009 /* Views */,
				A5000000000000000000000A /* Resources */,
			);
			path = AgentShell;
			sourceTree = "<group>";
		};
		A50000000000000000000003 /* Products */ = {
			isa = PBXGroup;
			children = (
				A30000000000000000000001 /* AgentShell.app */,
			);
			name = Products;
			sourceTree = "<group>";
		};
		A50000000000000000000004 /* App */ = {
			isa = PBXGroup;
			children = (
				A20000000000000000000001 /* AgentShellApp.swift */,
			);
			path = App;
			sourceTree = "<group>";
		};
		A50000000000000000000005 /* Config */ = {
			isa = PBXGroup;
			children = (
				A20000000000000000000002 /* ShellConfig.swift */,
			);
			path = Config;
			sourceTree = "<group>";
		};
		A50000000000000000000006 /* Models */ = {
			isa = PBXGroup;
			children = (
				A20000000000000000000003 /* ShellModels.swift */,
			);
			path = Models;
			sourceTree = "<group>";
		};
		A50000000000000000000007 /* Services */ = {
			isa = PBXGroup;
			children = (
				A20000000000000000000004 /* ShellAPIClient.swift */,
				A20000000000000000000005 /* ShellEventStream.swift */,
				A20000000000000000000006 /* SpeechRecognitionService.swift */,
				A20000000000000000000007 /* TextToSpeechService.swift */,
			);
			path = Services;
			sourceTree = "<group>";
		};
		A50000000000000000000008 /* ViewModels */ = {
			isa = PBXGroup;
			children = (
				A20000000000000000000008 /* ShellViewModel.swift */,
			);
			path = ViewModels;
			sourceTree = "<group>";
		};
		A50000000000000000000009 /* Views */ = {
			isa = PBXGroup;
			children = (
				A20000000000000000000009 /* ContentView.swift */,
				A2000000000000000000000A /* PhaseIndicatorView.swift */,
				A2000000000000000000000B /* MicButtonView.swift */,
				A2000000000000000000000C /* ReplyView.swift */,
				A2000000000000000000000D /* SettingsView.swift */,
			);
			path = Views;
			sourceTree = "<group>";
		};
		A5000000000000000000000A /* Resources */ = {
			isa = PBXGroup;
			children = (
				A2000000000000000000000F /* Info.plist */,
				A2000000000000000000000E /* Assets.xcassets */,
			);
			path = Resources;
			sourceTree = "<group>";
		};
/* End PBXGroup section */

/* Begin PBXNativeTarget section */
		A60000000000000000000001 /* AgentShell */ = {
			isa = PBXNativeTarget;
			buildConfigurationList = A90000000000000000000003 /* Build configuration list for PBXNativeTarget "AgentShell" */;
			buildPhases = (
				A70000000000000000000001 /* Sources */,
				A40000000000000000000001 /* Frameworks */,
				A80000000000000000000001 /* Resources */,
			);
			buildRules = (
			);
			dependencies = (
			);
			name = AgentShell;
			productName = AgentShell;
			productReference = A30000000000000000000001 /* AgentShell.app */;
			productType = "com.apple.product-type.application";
		};
/* End PBXNativeTarget section */

/* Begin PBXProject section */
		A60000000000000000000002 /* Project object */ = {
			isa = PBXProject;
			attributes = {
				BuildIndependentTargetsInParallel = 1;
				LastSwiftUpdateCheck = 1500;
				LastUpgradeCheck = 1500;
				TargetAttributes = {
					A60000000000000000000001 = {
						CreatedOnToolsVersion = 15.0;
					};
				};
			};
			buildConfigurationList = A90000000000000000000001 /* Build configuration list for PBXProject "AgentShell" */;
			compatibilityVersion = "Xcode 14.0";
			developmentRegion = ru;
			hasScannedForEncodings = 0;
			knownRegions = (
				ru,
				Base,
			);
			mainGroup = A50000000000000000000001;
			productRefGroup = A50000000000000000000003 /* Products */;
			projectDirPath = "";
			projectRoot = "";
			targets = (
				A60000000000000000000001 /* AgentShell */,
			);
		};
/* End PBXProject section */

/* Begin PBXResourcesBuildPhase section */
		A80000000000000000000001 /* Resources */ = {
			isa = PBXResourcesBuildPhase;
			buildActionMask = 2147483647;
			files = (
				A1000000000000000000000E /* Assets.xcassets in Resources */,
			);
			runOnlyForDeploymentPostprocessing = 0;
		};
/* End PBXResourcesBuildPhase section */

/* Begin PBXSourcesBuildPhase section */
		A70000000000000000000001 /* Sources */ = {
			isa = PBXSourcesBuildPhase;
			buildActionMask = 2147483647;
			files = (
				A10000000000000000000001 /* AgentShellApp.swift in Sources */,
				A10000000000000000000002 /* ShellConfig.swift in Sources */,
				A10000000000000000000003 /* ShellModels.swift in Sources */,
				A10000000000000000000004 /* ShellAPIClient.swift in Sources */,
				A10000000000000000000005 /* ShellEventStream.swift in Sources */,
				A10000000000000000000006 /* SpeechRecognitionService.swift in Sources */,
				A10000000000000000000007 /* TextToSpeechService.swift in Sources */,
				A10000000000000000000008 /* ShellViewModel.swift in Sources */,
				A10000000000000000000009 /* ContentView.swift in Sources */,
				A1000000000000000000000A /* PhaseIndicatorView.swift in Sources */,
				A1000000000000000000000B /* MicButtonView.swift in Sources */,
				A1000000000000000000000C /* ReplyView.swift in Sources */,
				A1000000000000000000000D /* SettingsView.swift in Sources */,
			);
			runOnlyForDeploymentPostprocessing = 0;
		};
/* End PBXSourcesBuildPhase section */

/* Begin XCBuildConfiguration section */
		A90000000000000000000002 /* Debug */ = {
			isa = XCBuildConfiguration;
			buildSettings = {
				ALWAYS_SEARCH_USER_PATHS = NO;
				CLANG_ENABLE_MODULES = YES;
				COPY_PHASE_STRIP = NO;
				DEBUG_INFORMATION_FORMAT = dwarf;
				GCC_DYNAMIC_NO_PIC = NO;
				IPHONEOS_DEPLOYMENT_TARGET = 17.0;
				ONLY_ACTIVE_ARCH = YES;
				SDKROOT = iphoneos;
				SWIFT_ACTIVE_COMPILATION_CONDITIONS = DEBUG;
				SWIFT_OPTIMIZATION_LEVEL = "-Onone";
			};
			name = Debug;
		};
		A90000000000000000000004 /* Release */ = {
			isa = XCBuildConfiguration;
			buildSettings = {
				ALWAYS_SEARCH_USER_PATHS = NO;
				CLANG_ENABLE_MODULES = YES;
				COPY_PHASE_STRIP = NO;
				DEBUG_INFORMATION_FORMAT = "dwarf-with-dsym";
				IPHONEOS_DEPLOYMENT_TARGET = 17.0;
				SDKROOT = iphoneos;
				SWIFT_COMPILATION_MODE = wholemodule;
				VALIDATE_PRODUCT = YES;
			};
			name = Release;
		};
		A90000000000000000000005 /* Debug */ = {
			isa = XCBuildConfiguration;
			buildSettings = {
				ASSETCATALOG_COMPILER_APPICON_NAME = AppIcon;
				CODE_SIGN_STYLE = Automatic;
				CURRENT_PROJECT_VERSION = 1;
				GENERATE_INFOPLIST_FILE = NO;
				INFOPLIST_FILE = AgentShell/Resources/Info.plist;
				LD_RUNPATH_SEARCH_PATHS = (
					"$(inherited)",
					"@executable_path/Frameworks",
				);
				MARKETING_VERSION = 0.1.0;
				PRODUCT_BUNDLE_IDENTIFIER = com.agentcms.shell;
				PRODUCT_NAME = AgentShell;
				SWIFT_EMIT_LOC_STRINGS = YES;
				SWIFT_VERSION = 5.0;
				TARGETED_DEVICE_FAMILY = 1;
			};
			name = Debug;
		};
		A90000000000000000000006 /* Release */ = {
			isa = XCBuildConfiguration;
			buildSettings = {
				ASSETCATALOG_COMPILER_APPICON_NAME = AppIcon;
				CODE_SIGN_STYLE = Automatic;
				CURRENT_PROJECT_VERSION = 1;
				GENERATE_INFOPLIST_FILE = NO;
				INFOPLIST_FILE = AgentShell/Resources/Info.plist;
				LD_RUNPATH_SEARCH_PATHS = (
					"$(inherited)",
					"@executable_path/Frameworks",
				);
				MARKETING_VERSION = 0.1.0;
				PRODUCT_BUNDLE_IDENTIFIER = com.agentcms.shell;
				PRODUCT_NAME = AgentShell;
				SWIFT_EMIT_LOC_STRINGS = YES;
				SWIFT_VERSION = 5.0;
				TARGETED_DEVICE_FAMILY = 1;
			};
			name = Release;
		};
/* End XCBuildConfiguration section */

/* Begin XCConfigurationList section */
		A90000000000000000000001 /* Build configuration list for PBXProject "AgentShell" */ = {
			isa = XCConfigurationList;
			buildConfigurations = (
				A90000000000000000000002 /* Debug */,
				A90000000000000000000004 /* Release */,
			);
			defaultConfigurationIsVisible = 0;
			defaultConfigurationName = Release;
		};
		A90000000000000000000003 /* Build configuration list for PBXNativeTarget "AgentShell" */ = {
			isa = XCConfigurationList;
			buildConfigurations = (
				A90000000000000000000005 /* Debug */,
				A90000000000000000000006 /* Release */,
			);
			defaultConfigurationIsVisible = 0;
			defaultConfigurationName = Release;
		};
/* End XCConfigurationList section */
	};
	rootObject = A60000000000000000000002 /* Project object */;
}
